// !$*UTF8*$!
{
	archiveVersion = 1;
	classes = {
	};
	objectVersion = 46;
	objects = {

/* Begin PBXBuildFile section */
		52CEE9D4187F07B30037259A /* Foundation.framework in Frameworks */ = {isa = PBXBuildFile; fileRef = 52CEE9D3187F07B30037259A /* Foundation.framework */; };
		52CEE9D6187F07B30037259A /* CoreGraphics.framework in Frameworks */ = {isa = PBXBuildFile; fileRef = 52CEE9D5187F07B30037259A /* CoreGraphics.framework */; };
		52CEE9D8187F07B30037259A /* UIKit.framework in Frameworks */ = {isa = PBXBuildFile; fileRef = 52CEE9D7187F07B30037259A /* UIKit.framework */; };
		52CEE9DE187F07B30037259A /* InfoPlist.strings in Resources */ = {isa = PBXBuildFile; fileRef = 52CEE9DC187F07B30037259A /* InfoPlist.strings */; };
		52CEE9E0187F07B30037259A /* main.m in Sources */ = {isa = PBXBuildFile; fileRef = 52CEE9DF187F07B30037259A /* main.m */; };
		52CEE9E4187F07B30037259A /* BNRAppDelegate.m in Sources */ = {isa = PBXBuildFile; fileRef = 52CEE9E3187F07B30037259A /* BNRAppDelegate.m */; };
		52CEE9E6187F07B30037259A /* Images.xcassets in Resources */ = {isa = PBXBuildFile; fileRef = 52CEE9E5187F07B30037259A /* Images.xcassets */; };
		52CEE9ED187F07B30037259A /* XCTest.framework in Frameworks */ = {isa = PBXBuildFile; fileRef = 52CEE9EC187F07B30037259A /* XCTest.framework */; };
		52CEE9EE187F07B30037259A /* Foundation.framework in Frameworks */ = {isa = PBXBuildFile; fileRef = 52CEE9D3187F07B30037259A /* Foundation.framework */; };
		52CEE9EF187F07B30037259A /* UIKit.framework in Frameworks */ = {isa = PBXBuildFile; fileRef = 52CEE9D7187F07B30037259A /* UIKit.framework */; };
		52CEE9F7187F07B30037259A /* InfoPlist.strings in Resources */ = {isa = PBXBuildFile; fileRef = 52CEE9F5187F07B30037259A /* InfoPlist.strings */; };
		52CEE9F9187F07B30037259A /* NerdfeedTests.m in Sources */ = {isa = PBXBuildFile; fileRef = 52CEE9F8187F07B30037259A /* NerdfeedTests.m */; };
		52CEEA04187F07CA0037259A /* BNRCoursesViewController.m in Sources */ = {isa = PBXBuildFile; fileRef = 52CEEA03187F07CA0037259A /* BNRCoursesViewController.m */; };
		52CEEA07187F098B0037259A /* BNRWebViewController.m in Sources */ = {isa = PBXBuildFile; fileRef = 52CEEA06187F098B0037259A /* BNRWebViewController.m */; };
/* End PBXBuildFile section */

/* Begin PBXContainerItemProxy section */
		52CEE9F0187F07B30037259A /* PBXContainerItemProxy */ = {
			isa = PBXContainerItemProxy;
			containerPortal = 52CEE9C8187F07B30037259A /* Project object */;
			proxyType = 1;
			remoteGlobalIDString = 52CEE9CF187F07B30037259A;
			remoteInfo = Nerdfeed;
		};
/* End PBXContainerItemProxy section */

/* Begin PBXFileReference section */
		52CEE9D0187F07B30037259A /* Nerdfeed.app */ = {isa = PBXFileReference; explicitFileType = wrapper.application; includeInIndex = 0; path = Nerdfeed.app; sourceTree = BUILT_PRODUCTS_DIR; };
		52CEE9D3187F07B30037259A /* Foundation.framework */ = {isa = PBXFileReference; lastKnownFileType = wrapper.framework; name = Foundation.framework; path = System/Library/Frameworks/Foundation.framework; sourceTree = SDKROOT; };
		52CEE9D5187F07B30037259A /* CoreGraphics.framework */ = {isa = PBXFileReference; lastKnownFileType = wrapper.framework; name = CoreGraphics.framework; path = System/Library/Frameworks/CoreGraphics.framework; sourceTree = SDKROOT; };
		52CEE9D7187F07B30037259A /* UIKit.framework */ = {isa = PBXFileReference; lastKnownFileType = wrapper.framework; name = UIKit.framework; path = System/Library/Frameworks/UIKit.framework; sourceTree = SDKROOT; };
		52CEE9DB187F07B30037259A /* Nerdfeed-Info.plist */ = {isa = PBXFileReference; lastKnownFileType = text.plist.xml; path = "Nerdfeed-Info.plist"; sourceTree = "<group>"; };
		52CEE9DD187F07B30037259A /* en */ = {isa = PBXFileReference; lastKnownFileType = text.plist.strings; name = en; path = en.lproj/InfoPlist.strings; sourceTree = "<group>"; };
		52CEE9DF187F07B30037259A /* main.m */ = {isa = PBXFileReference; lastKnownFileType = sourcecode.c.objc; path = main.m; sourceTree = "<group>"; };
		52CEE9E1187F07B30037259A /* Nerdfeed-Prefix.pch */ = {isa = PBXFileReference; lastKnownFileType = sourcecode.c.h; path = "Nerdfeed-Prefix.pch"; sourceTree = "<group>"; };
		52CEE9E2187F07B30037259A /* BNRAppDelegate.h */ = {isa = PBXFileReference; lastKnownFileType = sourcecode.c.h; path = BNRAppDelegate.h; sourceTree = "<group>"; };
		52CEE9E3187F07B30037259A /* BNRAppDelegate.m */ = {isa = PBXFileReference; lastKnownFileType = sourcecode.c.objc; path = BNRAppDelegate.m; sourceTree = "<group>"; };
		52CEE9E5187F07B30037259A /* Images.xcassets */ = {isa = PBXFileReference; lastKnownFileType = folder.assetcatalog; path = Images.xcassets; sourceTree = "<group>"; };
		52CEE9EB187F07B30037259A /* NerdfeedTests.xctest */ = {isa = PBXFileReference; explicitFileType = wrapper.cfbundle; includeInIndex = 0; path = NerdfeedTests.xctest; sourceTree = BUILT_PRODUCTS_DIR; };
		52CEE9EC187F07B30037259A /* XCTest.framework */ = {isa = PBXFileReference; lastKnownFileType = wrapper.framework; name = XCTest.framework; path = Library/Frameworks/XCTest.framework; sourceTree = DEVELOPER_DIR; };
		52CEE9F4187F07B30037259A /* NerdfeedTests-Info.plist */ = {isa = PBXFileReference; lastKnownFileType = text.plist.xml; path = "NerdfeedTests-Info.plist"; sourceTree = "<group>"; };
		52CEE9F6187F07B30037259A /* en */ = {isa = PBXFileReference; lastKnownFileType = text.plist.strings; name = en; path = en.lproj/InfoPlist.strings; sourceTree = "<group>"; };
		52CEE9F8187F07B30037259A /* NerdfeedTests.m */ = {isa = PBXFileReference; lastKnownFileType = sourcecode.c.objc; path = NerdfeedTests.m; sourceTree = "<group>"; };
		52CEEA02187F07CA0037259A /* BNRCoursesViewController.h */ = {isa = PBXFileReference; fileEncoding = 4; lastKnownFileType = sourcecode.c.h; path = BNRCoursesViewController.h; sourceTree = "<group>"; };
		52CEEA03187F07CA0037259A /* BNRCoursesViewController.m */ = {isa = PBXFileReference; fileEncoding = 4; lastKnownFileType = sourcecode.c.objc; path = BNRCoursesViewController.m; sourceTree = "<group>"; };
		52CEEA05187F098B0037259A /* BNRWebViewController.h */ = {isa = PBXFileReference; fileEncoding = 4; lastKnownFileType = sourcecode.c.h; path = BNRWebViewController.h; sourceTree = "<group>"; };
		52CEEA06187F098B0037259A /* BNRWebViewController.m */ = {isa = PBXFileReference; fileEncoding = 4; lastKnownFileType = sourcecode.c.objc; path = BNRWebViewController.m; sourceTree = "<group>"; };
/* End PBXFileReference section */

/* Begin PBXFrameworksBuildPhase section */
		52CEE9CD187F07B30037259A /* Frameworks */ = {
			isa = PBXFrameworksBuildPhase;
			buildActionMask = 2147483647;
			files = (
				52CEE9D6187F07B30037259A /* CoreGraphics.framework in Frameworks */,
				52CEE9D8187F07B30037259A /* UIKit.framework in Frameworks */,
				52CEE9D4187F07B30037259A /* Foundation.framework in Frameworks */,
			);
			runOnlyForDeploymentPostprocessing = 0;
		};
		52CEE9E8187F07B30037259A /* Frameworks */ = {
			isa = PBXFrameworksBuildPhase;
			buildActionMask = 2147483647;
			files = (
				52CEE9ED187F07B30037259A /* XCTest.framework in Frameworks */,
				52CEE9EF187F07B30037259A /* UIKit.framework in Frameworks */,
				52CEE9EE187F07B30037259A /* Foundation.framework in Frameworks */,
			);
			runOnlyForDeploymentPostprocessing = 0;
		};
/* End PBXFrameworksBuildPhase section */

/* Begin PBXGroup section */
		52CEE9C7187F07B30037259A = {
			isa = PBXGroup;
			children = (
				52CEE9D9187F07B30037259A /* Nerdfeed */,
				52CEE9F2187F07B30037259A /* NerdfeedTests */,
				52CEE9D2187F07B30037259A /* Frameworks */,
				52CEE9D1187F07B30037259A /* Products */,
			);
			sourceTree = "<group>";
		};
		52CEE9D1187F07B30037259A /* Products */ = {
			isa = PBXGroup;
			children = (
				52CEE9D0187F07B30037259A /* Nerdfeed.app */,
				52CEE9EB187F07B30037259A /* NerdfeedTests.xctest */,
			);
			name = Products;
			sourceTree = "<group>";
		};
		52CEE9D2187F07B30037259A /* Frameworks */ = {
			isa = PBXGroup;
			children = (
				52CEE9D3187F07B30037259A /* Foundation.framework */,
				52CEE9D5187F07B30037259A /* CoreGraphics.framework */,
				52CEE9D7187F07B30037259A /* UIKit.framework */,
				52CEE9EC187F07B30037259A /* XCTest.framework */,
			);
			name = Frameworks;
			sourceTree = "<group>";
		};
		52CEE9D9187F07B30037259A /* Nerdfeed */ = {
			isa = PBXGroup;
			children = (
				52CEE9E2187F07B30037259A /* BNRAppDelegate.h */,
				52CEE9E3187F07B30037259A /* BNRAppDelegate.m */,
				52CEEA02187F07CA0037259A /* BNRCoursesViewController.h */,
				52CEEA03187F07CA0037259A /* BNRCoursesViewController.m */,
				52CEEA05187F098B0037259A /* BNRWebViewController.h */,
				52CEEA06187F098B0037259A /* BNRWebViewController.m */,
				52CEE9E5187F07B30037259A /* Images.xcassets */,
				52CEE9DA187F07B30037259A /* Supporting Files */,
			);
			path = Nerdfeed;
			sourceTree = "<group>";
		};
		52CEE9DA187F07B30037259A /* Supporting Files */ = {
			isa = PBXGroup;
			children = (
				52CEE9DB187F07B30037259A /* Nerdfeed-Info.plist */,
				52CEE9DC187F07B30037259A /* InfoPlist.strings */,
				52CEE9DF187F07B30037259A /* main.m */,
				52CEE9E1187F07B30037259A /* Nerdfeed-Prefix.pch */,
			);
			name = "Supporting Files";
			sourceTree = "<group>";
		};
		52CEE9F2187F07B30037259A /* NerdfeedTests */ = {
			isa = PBXGroup;
			children = (
				52CEE9F8187F07B30037259A /* NerdfeedTests.m */,
				52CEE9F3187F07B30037259A /* Supporting Files */,
			);
			path = NerdfeedTests;
			sourceTree = "<group>";
		};
		52CEE9F3187F07B30037259A /* Supporting Files */ = {
			isa = PBXGroup;
			children = (
				52CEE9F4187F07B30037259A /* NerdfeedTests-Info.plist */,
				52CEE9F5187F07B30037259A /* InfoPlist.strings */,
			);
			name = "Supporting Files";
			sourceTree = "<group>";
		};
/* End PBXGroup section */

/* Begin PBXNativeTarget section */
		52CEE9CF187F07B30037259A /* Nerdfeed */ = {
			isa = PBXNativeTarget;
			buildConfigurationList = 52CEE9FC187F07B30037259A /* Build configuration list for PBXNativeTarget "Nerdfeed" */;
			buildPhases = (
				52CEE9CC187F07B30037259A /* Sources */,
				52CEE9CD187F07B30037259A /* Frameworks */,
				52CEE9CE187F07B30037259A /* Resources */,
			);
			buildRules = (
			);
			dependencies = (
			);
			name = Nerdfeed;
			productName = Nerdfeed;
			productReference = 52CEE9D0187F07B30037259A /* Nerdfeed.app */;
			productType = "com.apple.product-type.application";
		};
		52CEE9EA187F07B30037259A /* NerdfeedTests */ = {
			isa = PBXNativeTarget;
			buildConfigurationList = 52CEE9FF187F07B30037259A /* Build configuration list for PBXNativeTarget "NerdfeedTests" */;
			buildPhases = (
				52CEE9E7187F07B30037259A /* Sources */,
				52CEE9E8187F07B30037259A /* Frameworks */,
				52CEE9E9187F07B30037259A /* Resources */,
			);
			buildRules = (
			);
			dependencies = (
				52CEE9F1187F07B30037259A /* PBXTargetDependency */,
			);
			name = NerdfeedTests;
			productName = NerdfeedTests;
			productReference = 52CEE9EB187F07B30037259A /* NerdfeedTests.xctest */;
			productType = "com.apple.product-type.bundle.unit-test";
		};
/* End PBXNativeTarget section */

/* Begin PBXProject section */
		52CEE9C8187F07B30037259A /* Project object */ = {
			isa = PBXProject;
			attributes = {
				CLASSPREFIX = BNR;
				LastUpgradeCheck = 0500;
				ORGANIZATIONNAME = "Big Nerd Ranch";
				TargetAttributes = {
					52CEE9EA187F07B30037259A = {
						TestTargetID = 52CEE9CF187F07B30037259A;
					};
				};
			};
			buildConfigurationList = 52CEE9CB187F07B30037259A /* Build configuration list for PBXProject "Nerdfeed" */;
			compatibilityVersion = "Xcode 3.2";
			developmentRegion = English;
			hasScannedForEncodings = 0;
			knownRegions = (
				en,
			);
			mainGroup = 52CEE9C7187F07B30037259A;
			productRefGroup = 52CEE9D1187F07B30037259A /* Products */;
			projectDirPath = "";
			projectRoot = "";
			targets = (
				52CEE9CF187F07B30037259A /* Nerdfeed */,
				52CEE9EA187F07B30037259A /* NerdfeedTests */,
			);
		};
/* End PBXProject section */

/* Begin PBXResourcesBuildPhase section */
		52CEE9CE187F07B30037259A /* Resources */ = {
			isa = PBXResourcesBuildPhase;
			buildActionMask = 2147483647;
			files = (
				52CEE9DE187F07B30037259A /* InfoPlist.strings in Resources */,
				52CEE9E6187F07B30037259A /* Images.xcassets in Resources */,
			);
			runOnlyForDeploymentPostprocessing = 0;
		};
		52CEE9E9187F07B30037259A /* Resources */ = {
			isa = PBXResourcesBuildPhase;
			buildActionMask = 2147483647;
			files = (
				52CEE9F7187F07B30037259A /* InfoPlist.strings in Resources */,
			);
			runOnlyForDeploymentPostprocessing = 0;
		};
/* End PBXResourcesBuildPhase section */

/* Begin PBXSourcesBuildPhase section */
		52CEE9CC187F07B30037259A /* Sources */ = {
			isa = PBXSourcesBuildPhase;
			buildActionMask = 2147483647;
			files = (
				52CEEA07187F098B0037259A /* BNRWebViewController.m in Sources */,
				52CEE9E0187F07B30037259A /* main.m in Sources */,
				52CEE9E4187F07B30037259A /* BNRAppDelegate.m in Sources */,
				52CEEA04187F07CA0037259A /* BNRCoursesViewController.m in Sources */,
			);
			runOnlyForDeploymentPostprocessing = 0;
		};
		52CEE9E7187F07B30037259A /* Sources */ = {
			isa = PBXSourcesBuildPhase;
			buildActionMask = 2147483647;
			files = (
				52CEE9F9187F07B30037259A /* NerdfeedTests.m in Sources */,
			);
			runOnlyForDeploymentPostprocessing = 0;
		};
/* End PBXSourcesBuildPhase section */

/* Begin PBXTargetDependency section */
		52CEE9F1187F07B30037259A /* PBXTargetDependency */ = {
			isa = PBXTargetDependency;
			target = 52CEE9CF187F07B30037259A /* Nerdfeed */;
			targetProxy = 52CEE9F0187F07B30037259A /* PBXContainerItemProxy */;
		};
/* End PBXTargetDependency section */

/* Begin PBXVariantGroup section */
		52CEE9DC187F07B30037259A /* InfoPlist.strings */ = {
			isa = PBXVariantGroup;
			children = (
				52CEE9DD187F07B30037259A /* en */,
			);
			name = InfoPlist.strings;
			sourceTree = "<group>";
		};
		52CEE9F5187F07B30037259A /* InfoPlist.strings */ = {
			isa = PBXVariantGroup;
			children = (
				52CEE9F6187F07B30037259A /* en */,
			);
			name = InfoPlist.strings;
			sourceTree = "<group>";
		};
/* End PBXVariantGroup section */

/* Begin XCBuildConfiguration section */
		52CEE9FA187F07B30037259A /* Debug */ = {
			isa = XCBuildConfiguration;
			buildSettings = {
				ALWAYS_SEARCH_USER_PATHS = NO;
				ARCHS = "$(ARCHS_STANDARD_INCLUDING_64_BIT)";
				CLANG_CXX_LANGUAGE_STANDARD = "gnu++0x";
				CLANG_CXX_LIBRARY = "libc++";
				CLANG_ENABLE_MODULES = YES;
				CLANG_ENABLE_OBJC_ARC = YES;
				CLANG_WARN_BOOL_CONVERSION = YES;
				CLANG_WARN_CONSTANT_CONVERSION = YES;
				CLANG_WARN_DIRECT_OBJC_ISA_USAGE = YES_ERROR;
				CLANG_WARN_EMPTY_BODY = YES;
				CLANG_WARN_ENUM_CONVERSION = YES;
				CLANG_WARN_INT_CONVERSION = YES;
				CLANG_WARN_OBJC_ROOT_CLASS = YES_ERROR;
				CLANG_WARN__DUPLICATE_METHOD_MATCH = YES;
				"CODE_SIGN_IDENTITY[sdk=iphoneos*]" = "iPhone Developer";
				COPY_PHASE_STRIP = NO;
				GCC_C_LANGUAGE_STANDARD = gnu99;
				GCC_DYNAMIC_NO_PIC = NO;
				GCC_OPTIMIZATION_LEVEL = 0;
				GCC_PREPROCESSOR_DEFINITIONS = (
					"DEBUG=1",
					"$(inherited)",
				);
				GCC_SYMBOLS_PRIVATE_EXTERN = NO;
				GCC_WARN_64_TO_32_BIT_CONVERSION = YES;
				GCC_WARN_ABOUT_RETURN_TYPE = YES_ERROR;
				GCC_WARN_UNDECLARED_SELECTOR = YES;
				GCC_WARN_UNINITIALIZED_AUTOS = YES;
				GCC_WARN_UNUSED_FUNCTION = YES;
				GCC_WARN_UNUSED_VARIABLE = YES;
				IPHONEOS_DEPLOYMENT_TARGET = 7.0;
				ONLY_ACTIVE_ARCH = YES;
				SDKROOT = iphoneos;
				TARGETED_DEVICE_FAMILY = 2;
			};
			name = Debug;
		};
		52CEE9FB187F07B30037259A /* Release */ = {
			isa = XCBuildConfiguration;
			buildSettings = {
				ALWAYS_SEARCH_USER_PATHS = NO;
				ARCHS = "$(ARCHS_STANDARD_INCLUDING_64_BIT)";
				CLANG_CXX_LANGUAGE_STANDARD = "gnu++0x";
				CLANG_CXX_LIBRARY = "libc++";
				CLANG_ENABLE_MODULES = YES;
				CLANG_ENABLE_OBJC_ARC = YES;
				CLANG_WARN_BOOL_CONVERSION = YES;
				CLANG_WARN_CONSTANT_CONVERSION = YES;
				CLANG_WARN_DIRECT_OBJC_ISA_USAGE = YES_ERROR;
				CLANG_WARN_EMPTY_BODY = YES;
				CLANG_WARN_ENUM_CONVERSION = YES;
				CLANG_WARN_INT_CONVERSION = YES;
				CLANG_WARN_OBJC_ROOT_CLASS = YES_ERROR;
				CLANG_WARN__DUPLICATE_METHOD_MATCH = YES;
				"CODE_SIGN_IDENTITY[sdk=iphoneos*]" = "iPhone Developer";
				COPY_PHASE_STRIP = YES;
				ENABLE_NS_ASSERTIONS = NO;
				GCC_C_LANGUAGE_STANDARD = gnu99;
				GCC_WARN_64_TO_32_BIT_CONVERSION = YES;
				GCC_WARN_ABOUT_RETURN_TYPE = YES_ERROR;
				GCC_WARN_UNDECLARED_SELECTOR = YES;
				GCC_WARN_UNINITIALIZED_AUTOS = YES;
				GCC_WARN_UNUSED_FUNCTION = YES;
				GCC_WARN_UNUSED_VARIABLE = YES;
				IPHONEOS_DEPLOYMENT_TARGET = 7.0;
				SDKROOT = iphoneos;
				TARGETED_DEVICE_FAMILY = 2;
				VALIDATE_PRODUCT = YES;
			};
			name = Release;
		};
		52CEE9FD187F07B30037259A /* Debug */ = {
			isa = XCBuildConfiguration;
			buildSettings = {
				ASSETCATALOG_COMPILER_APPICON_NAME = AppIcon;
				ASSETCATALOG_COMPILER_LAUNCHIMAGE_NAME = LaunchImage;
				GCC_PRECOMPILE_PREFIX_HEADER = YES;
				GCC_PREFIX_HEADER = "Nerdfeed/Nerdfeed-Prefix.pch";
				INFOPLIST_FILE = "Nerdfeed/Nerdfeed-Info.plist";
				PRODUCT_NAME = "$(TARGET_NAME)";
				TARGETED_DEVICE_FAMILY = "1,2";
				WRAPPER_EXTENSION = app;
			};
			name = Debug;
		};
		52CEE9FE187F07B30037259A /* Release */ = {
			isa = XCBuildConfiguration;
			buildSettings = {
				ASSETCATALOG_COMPILER_APPICON_NAME = AppIcon;
				ASSETCATALOG_COMPILER_LAUNCHIMAGE_NAME = LaunchImage;
				GCC_PRECOMPILE_PREFIX_HEADER = YES;
				GCC_PREFIX_HEADER = "Nerdfeed/Nerdfeed-Prefix.pch";
				INFOPLIST_FILE = "Nerdfeed/Nerdfeed-Info.plist";
				PRODUCT_NAME = "$(TARGET_NAME)";
				TARGETED_DEVICE_FAMILY = "1,2";
				WRAPPER_EXTENSION = app;
			};
			name = Release;
		};
		52CEEA00187F07B30037259A /* Debug */ = {
			isa = XCBuildConfiguration;
			buildSettings = {
				ARCHS = "$(ARCHS_STANDARD_INCLUDING_64_BIT)";
				BUNDLE_LOADER = "$(BUILT_PRODUCTS_DIR)/Nerdfeed.app/Nerdfeed";
				FRAMEWORK_SEARCH_PATHS = (
					"$(SDKROOT)/Developer/Library/Frameworks",
					"$(inherited)",
					"$(DEVELOPER_FRAMEWORKS_DIR)",
				);
				GCC_PRECOMPILE_PREFIX_HEADER = YES;
				GCC_PREFIX_HEADER = "Nerdfeed/Nerdfeed-Prefix.pch";
				GCC_PREPROCESSOR_DEFINITIONS = (
					"DEBUG=1",
					"$(inherited)",
				);
				INFOPLIST_FILE = "NerdfeedTests/NerdfeedTests-Info.plist";
				PRODUCT_NAME = "$(TARGET_NAME)";
				TEST_HOST = "$(BUNDLE_LOADER)";
				WRAPPER_EXTENSION = xctest;
			};
			name = Debug;
		};
		52CEEA01187F07B30037259A /* Release */ = {
			isa = XCBuildConfiguration;
			buildSettings = {
				ARCHS = "$(ARCHS_STANDARD_INCLUDING_64_BIT)";
				BUNDLE_LOADER = "$(BUILT_PRODUCTS_DIR)/Nerdfeed.app/Nerdfeed";
				FRAMEWORK_SEARCH_PATHS = (
					"$(SDKROOT)/Developer/Library/Frameworks",
					"$(inherited)",
					"$(DEVELOPER_FRAMEWORKS_DIR)",
				);
				GCC_PRECOMPILE_PREFIX_HEADER = YES;
				GCC_PREFIX_HEADER = "Nerdfeed/Nerdfeed-Prefix.pch";
				INFOPLIST_FILE = "NerdfeedTests/NerdfeedTests-Info.plist";
				PRODUCT_NAME = "$(TARGET_NAME)";
				TEST_HOST = "$(BUNDLE_LOADER)";
				WRAPPER_EXTENSION = xctest;
			};
			name = Release;
		};
/* End XCBuildConfiguration section */

/* Begin XCConfigurationList section */
		52CEE9CB187F07B30037259A /* Build configuration list for PBXProject "Nerdfeed" */ = {
			isa = XCConfigurationList;
			buildConfigurations = (
				52CEE9FA187F07B30037259A /* Debug */,
				52CEE9FB187F07B30037259A /* Release */,
			);
			defaultConfigurationIsVisible = 0;
			defaultConfigurationName = Release;
		};
		52CEE9FC187F07B30037259A /* Build configuration list for PBXNativeTarget "Nerdfeed" */ = {
			isa = XCConfigurationList;
			buildConfigurations = (
				52CEE9FD187F07B30037259A /* Debug */,
				52CEE9FE187F07B30037259A /* Release */,
			);
			defaultConfigurationIsVisible = 0;
			defaultConfigurationName = Release;
		};
		52CEE9FF187F07B30037259A /* Build configuration list for PBXNativeTarget "NerdfeedTests" */ = {
			isa = XCConfigurationList;
			buildConfigurations = (
				52CEEA00187F07B30037259A /* Debug */,
				52CEEA01187F07B30037259A /* Release */,
			);
			defaultConfigurationIsVisible = 0;
			defaultConfigurationName = Release;
		};
/* End XCConfigurationList section */
	};
	rootObject = 52CEE9C8187F07B30037259A /* Project object */;
}
